
Microsoft Visual Studio Solution File, Format Version 12.00
# Visual Studio Version 17
VisualStudioVersion = 17.7.34221.43
MinimumVisualStudioVersion = 10.0.40219.1
Project("{FAE04EC0-301F-11D3-BF4B-00C04F79EFBC}") = "Presentacion1", "Presentacion1\Presentacion1.csproj", "{F88E1421-C436-40D8-AB79-F36CF98A572B}"
EndProject
Global
	GlobalSection(SolutionConfigurationPlatforms) = preSolution
		Debug|Any CPU = Debug|Any CPU
		Release|Any CPU = Release|Any CPU
	EndGlobalSection
	GlobalSection(ProjectConfigurationPlatforms) = postSolution
		{F88E1421-C436-40D8-AB79-F36CF98A572B}.Debug|Any CPU.ActiveCfg = Debug|Any CPU
		{F88E1421-C436-40D8-AB79-F36CF98A572B}.Debug|Any CPU.Build.0 = Debug|Any CPU
		{F88E1421-C436-40D8-AB79-F36CF98A572B}.Release|Any CPU.ActiveCfg = Release|Any CPU
		{F88E1421-C436-40D8-AB79-F36CF98A572B}.Release|Any CPU.Build.0 = Release|Any CPU
	EndGlobalSection
	GlobalSection(SolutionProperties) = preSolution
		HideSolutionNode = FALSE
	EndGlobalSection
	GlobalSection(ExtensibilityGlobals) = postSolution
		SolutionGuid = {F897868D-E87D-4DA5-A62E-3FA363EEAD0B}
	EndGlobalSection
EndGlobal
