
Microsoft Visual Studio Solution File, Format Version 12.00
# Visual Studio Version 17
VisualStudioVersion = 17.5.002.0
MinimumVisualStudioVersion = 10.0.40219.1
Project("{9A19103F-16F7-4668-BE54-9A1E7A4F7556}") = "video 9", "video 9.csproj", "{D977B4C6-6428-4C14-85EF-332255BE0DC7}"
EndProject
Global
	GlobalSection(SolutionConfigurationPlatforms) = preSolution
		Debug|Any CPU = Debug|Any CPU
		Release|Any CPU = Release|Any CPU
	EndGlobalSection
	GlobalSection(ProjectConfigurationPlatforms) = postSolution
		{D977B4C6-6428-4C14-85EF-332255BE0DC7}.Debug|Any CPU.ActiveCfg = Debug|Any CPU
		{D977B4C6-6428-4C14-85EF-332255BE0DC7}.Debug|Any CPU.Build.0 = Debug|Any CPU
		{D977B4C6-6428-4C14-85EF-332255BE0DC7}.Release|Any CPU.ActiveCfg = Release|Any CPU
		{D977B4C6-6428-4C14-85EF-332255BE0DC7}.Release|Any CPU.Build.0 = Release|Any CPU
	EndGlobalSection
	GlobalSection(SolutionProperties) = preSolution
		HideSolutionNode = FALSE
	EndGlobalSection
	GlobalSection(ExtensibilityGlobals) = postSolution
		SolutionGuid = {B4FFED30-6CDA-4883-A59D-4E6CE40469D1}
	EndGlobalSection
EndGlobal
