
Microsoft Visual Studio Solution File, Format Version 12.00
# Visual Studio Version 17
VisualStudioVersion = 17.5.002.0
MinimumVisualStudioVersion = 10.0.40219.1
Project("{9A19103F-16F7-4668-BE54-9A1E7A4F7556}") = "PracticoParcial1", "PracticoParcial1.csproj", "{91A5E41E-483C-486E-A7C9-7C968C29A650}"
EndProject
Global
	GlobalSection(SolutionConfigurationPlatforms) = preSolution
		Debug|Any CPU = Debug|Any CPU
		Release|Any CPU = Release|Any CPU
	EndGlobalSection
	GlobalSection(ProjectConfigurationPlatforms) = postSolution
		{91A5E41E-483C-486E-A7C9-7C968C29A650}.Debug|Any CPU.ActiveCfg = Debug|Any CPU
		{91A5E41E-483C-486E-A7C9-7C968C29A650}.Debug|Any CPU.Build.0 = Debug|Any CPU
		{91A5E41E-483C-486E-A7C9-7C968C29A650}.Release|Any CPU.ActiveCfg = Release|Any CPU
		{91A5E41E-483C-486E-A7C9-7C968C29A650}.Release|Any CPU.Build.0 = Release|Any CPU
	EndGlobalSection
	GlobalSection(SolutionProperties) = preSolution
		HideSolutionNode = FALSE
	EndGlobalSection
	GlobalSection(ExtensibilityGlobals) = postSolution
		SolutionGuid = {BCE48192-82BF-495D-9113-89DA44175CA1}
	EndGlobalSection
EndGlobal
